
Microsoft Visual Studio Solution File, Format Version 12.00
# Visual Studio Version 16
VisualStudioVersion = 16.0.33130.400
MinimumVisualStudioVersion = 10.0.40219.1
Project("{FAE04EC0-301F-11D3-BF4B-00C04F79EFBC}") = "lata", "lata\lata.csproj", "{3E98589D-602C-4B54-96F1-8982BCCCDCFF}"
EndProject
Global
	GlobalSection(SolutionConfigurationPlatforms) = preSolution
		Debug|Any CPU = Debug|Any CPU
		Release|Any CPU = Release|Any CPU
	EndGlobalSection
	GlobalSection(ProjectConfigurationPlatforms) = postSolution
		{3E98589D-602C-4B54-96F1-8982BCCCDCFF}.Debug|Any CPU.ActiveCfg = Debug|Any CPU
		{3E98589D-602C-4B54-96F1-8982BCCCDCFF}.Debug|Any CPU.Build.0 = Debug|Any CPU
		{3E98589D-602C-4B54-96F1-8982BCCCDCFF}.Release|Any CPU.ActiveCfg = Release|Any CPU
		{3E98589D-602C-4B54-96F1-8982BCCCDCFF}.Release|Any CPU.Build.0 = Release|Any CPU
	EndGlobalSection
	GlobalSection(SolutionProperties) = preSolution
		HideSolutionNode = FALSE
	EndGlobalSection
	GlobalSection(ExtensibilityGlobals) = postSolution
		SolutionGuid = {8C0B8BBD-F6BF-4991-8C70-9DC25E8EB47B}
	EndGlobalSection
EndGlobal
